
Microsoft Visual Studio Solution File, Format Version 12.00
# Visual Studio 15
VisualStudioVersion = 15.0.27130.2024
MinimumVisualStudioVersion = 10.0.40219.1
Project("{FAE04EC0-301F-11D3-BF4B-00C04F79EFBC}") = "Calc", "Calc\Calc.csproj", "{25AFE073-4B9A-45B2-8061-CD61C8F9DA3F}"
EndProject
Project("{FAE04EC0-301F-11D3-BF4B-00C04F79EFBC}") = "Calculator", "Calculator\Calculator.csproj", "{95D9B46A-CFAB-4BA3-9EA5-F889CFFE6A26}"
EndProject
Global
	GlobalSection(SolutionConfigurationPlatforms) = preSolution
		Debug|Any CPU = Debug|Any CPU
		Release|Any CPU = Release|Any CPU
	EndGlobalSection
	GlobalSection(ProjectConfigurationPlatforms) = postSolution
		{25AFE073-4B9A-45B2-8061-CD61C8F9DA3F}.Debug|Any CPU.ActiveCfg = Debug|Any CPU
		{25AFE073-4B9A-45B2-8061-CD61C8F9DA3F}.Debug|Any CPU.Build.0 = Debug|Any CPU
		{25AFE073-4B9A-45B2-8061-CD61C8F9DA3F}.Release|Any CPU.ActiveCfg = Release|Any CPU
		{25AFE073-4B9A-45B2-8061-CD61C8F9DA3F}.Release|Any CPU.Build.0 = Release|Any CPU
		{95D9B46A-CFAB-4BA3-9EA5-F889CFFE6A26}.Debug|Any CPU.ActiveCfg = Debug|Any CPU
		{95D9B46A-CFAB-4BA3-9EA5-F889CFFE6A26}.Debug|Any CPU.Build.0 = Debug|Any CPU
		{95D9B46A-CFAB-4BA3-9EA5-F889CFFE6A26}.Release|Any CPU.ActiveCfg = Release|Any CPU
		{95D9B46A-CFAB-4BA3-9EA5-F889CFFE6A26}.Release|Any CPU.Build.0 = Release|Any CPU
	EndGlobalSection
	GlobalSection(SolutionProperties) = preSolution
		HideSolutionNode = FALSE
	EndGlobalSection
	GlobalSection(ExtensibilityGlobals) = postSolution
		SolutionGuid = {0BC55B04-1F8E-4D2F-AAE7-335E4D86DD90}
	EndGlobalSection
EndGlobal
