
Microsoft Visual Studio Solution File, Format Version 12.00
# Visual Studio 15
VisualStudioVersion = 15.0.27130.2024
MinimumVisualStudioVersion = 10.0.40219.1
Project("{FAE04EC0-301F-11D3-BF4B-00C04F79EFBC}") = "MyClassLibrary", "MyClassLibrary\MyClassLibrary.csproj", "{A0CC6255-8C8A-4499-A68E-E073A8919F95}"
EndProject
Global
	GlobalSection(SolutionConfigurationPlatforms) = preSolution
		Debug|Any CPU = Debug|Any CPU
		Release|Any CPU = Release|Any CPU
	EndGlobalSection
	GlobalSection(ProjectConfigurationPlatforms) = postSolution
		{A0CC6255-8C8A-4499-A68E-E073A8919F95}.Debug|Any CPU.ActiveCfg = Debug|Any CPU
		{A0CC6255-8C8A-4499-A68E-E073A8919F95}.Debug|Any CPU.Build.0 = Debug|Any CPU
		{A0CC6255-8C8A-4499-A68E-E073A8919F95}.Release|Any CPU.ActiveCfg = Release|Any CPU
		{A0CC6255-8C8A-4499-A68E-E073A8919F95}.Release|Any CPU.Build.0 = Release|Any CPU
	EndGlobalSection
	GlobalSection(SolutionProperties) = preSolution
		HideSolutionNode = FALSE
	EndGlobalSection
	GlobalSection(ExtensibilityGlobals) = postSolution
		SolutionGuid = {5752D104-F75B-4384-8051-0C58911BEF24}
	EndGlobalSection
EndGlobal
