
Microsoft Visual Studio Solution File, Format Version 12.00
# Visual Studio 15
VisualStudioVersion = 15.0.27130.2024
MinimumVisualStudioVersion = 10.0.40219.1
Project("{FAE04EC0-301F-11D3-BF4B-00C04F79EFBC}") = "Console.2.13.18", "Console.2.13.18\Console.2.13.18.csproj", "{064890FA-7E70-46C9-8497-73A7C6311BCB}"
EndProject
Global
	GlobalSection(SolutionConfigurationPlatforms) = preSolution
		Debug|Any CPU = Debug|Any CPU
		Release|Any CPU = Release|Any CPU
	EndGlobalSection
	GlobalSection(ProjectConfigurationPlatforms) = postSolution
		{064890FA-7E70-46C9-8497-73A7C6311BCB}.Debug|Any CPU.ActiveCfg = Debug|Any CPU
		{064890FA-7E70-46C9-8497-73A7C6311BCB}.Debug|Any CPU.Build.0 = Debug|Any CPU
		{064890FA-7E70-46C9-8497-73A7C6311BCB}.Release|Any CPU.ActiveCfg = Release|Any CPU
		{064890FA-7E70-46C9-8497-73A7C6311BCB}.Release|Any CPU.Build.0 = Release|Any CPU
	EndGlobalSection
	GlobalSection(SolutionProperties) = preSolution
		HideSolutionNode = FALSE
	EndGlobalSection
	GlobalSection(ExtensibilityGlobals) = postSolution
		SolutionGuid = {F7B74BEE-FE63-4EA1-9430-C0925285F8CB}
	EndGlobalSection
EndGlobal
