
Microsoft Visual Studio Solution File, Format Version 12.00
# Visual Studio 15
VisualStudioVersion = 15.0.27130.2024
MinimumVisualStudioVersion = 10.0.40219.1
Project("{FAE04EC0-301F-11D3-BF4B-00C04F79EFBC}") = "Display Solution", "Display Solution\Display Solution.csproj", "{EA1B0994-C11E-4AA6-B85C-E1A5BAB70E0D}"
EndProject
Global
	GlobalSection(SolutionConfigurationPlatforms) = preSolution
		Debug|Any CPU = Debug|Any CPU
		Release|Any CPU = Release|Any CPU
	EndGlobalSection
	GlobalSection(ProjectConfigurationPlatforms) = postSolution
		{EA1B0994-C11E-4AA6-B85C-E1A5BAB70E0D}.Debug|Any CPU.ActiveCfg = Debug|Any CPU
		{EA1B0994-C11E-4AA6-B85C-E1A5BAB70E0D}.Debug|Any CPU.Build.0 = Debug|Any CPU
		{EA1B0994-C11E-4AA6-B85C-E1A5BAB70E0D}.Release|Any CPU.ActiveCfg = Release|Any CPU
		{EA1B0994-C11E-4AA6-B85C-E1A5BAB70E0D}.Release|Any CPU.Build.0 = Release|Any CPU
	EndGlobalSection
	GlobalSection(SolutionProperties) = preSolution
		HideSolutionNode = FALSE
	EndGlobalSection
	GlobalSection(ExtensibilityGlobals) = postSolution
		SolutionGuid = {5E20793D-B10F-4B58-AAF0-71DF7E644CAA}
	EndGlobalSection
EndGlobal
