
Microsoft Visual Studio Solution File, Format Version 12.00
# Visual Studio 15
VisualStudioVersion = 15.0.27130.2024
MinimumVisualStudioVersion = 10.0.40219.1
Project("{FAE04EC0-301F-11D3-BF4B-00C04F79EFBC}") = "MathematicsLibrary", "MathematicsLibrary\MathematicsLibrary.csproj", "{20B3AD6C-3A79-43D7-9ECC-9405E0218C43}"
EndProject
Project("{FAE04EC0-301F-11D3-BF4B-00C04F79EFBC}") = "MathematicsLib", "MathematicsLib\MathematicsLib.csproj", "{B2915B82-83D4-4FA2-9C23-A62EDB0FEB1A}"
EndProject
Global
	GlobalSection(SolutionConfigurationPlatforms) = preSolution
		Debug|Any CPU = Debug|Any CPU
		Release|Any CPU = Release|Any CPU
	EndGlobalSection
	GlobalSection(ProjectConfigurationPlatforms) = postSolution
		{20B3AD6C-3A79-43D7-9ECC-9405E0218C43}.Debug|Any CPU.ActiveCfg = Debug|Any CPU
		{20B3AD6C-3A79-43D7-9ECC-9405E0218C43}.Debug|Any CPU.Build.0 = Debug|Any CPU
		{20B3AD6C-3A79-43D7-9ECC-9405E0218C43}.Release|Any CPU.ActiveCfg = Release|Any CPU
		{20B3AD6C-3A79-43D7-9ECC-9405E0218C43}.Release|Any CPU.Build.0 = Release|Any CPU
		{B2915B82-83D4-4FA2-9C23-A62EDB0FEB1A}.Debug|Any CPU.ActiveCfg = Debug|Any CPU
		{B2915B82-83D4-4FA2-9C23-A62EDB0FEB1A}.Debug|Any CPU.Build.0 = Debug|Any CPU
		{B2915B82-83D4-4FA2-9C23-A62EDB0FEB1A}.Release|Any CPU.ActiveCfg = Release|Any CPU
		{B2915B82-83D4-4FA2-9C23-A62EDB0FEB1A}.Release|Any CPU.Build.0 = Release|Any CPU
	EndGlobalSection
	GlobalSection(SolutionProperties) = preSolution
		HideSolutionNode = FALSE
	EndGlobalSection
	GlobalSection(ExtensibilityGlobals) = postSolution
		SolutionGuid = {4C6AD57A-FB82-4749-A1AF-0E63C71E0453}
	EndGlobalSection
EndGlobal
