
Microsoft Visual Studio Solution File, Format Version 12.00
# Visual Studio 15
VisualStudioVersion = 15.0.27130.2024
MinimumVisualStudioVersion = 10.0.40219.1
Project("{FAE04EC0-301F-11D3-BF4B-00C04F79EFBC}") = "MyAnimalClassLibrary", "MyAnimalClassLibrary\MyAnimalClassLibrary.csproj", "{B2E74BF8-E220-40DD-87BB-F6F57C930370}"
EndProject
Global
	GlobalSection(SolutionConfigurationPlatforms) = preSolution
		Debug|Any CPU = Debug|Any CPU
		Release|Any CPU = Release|Any CPU
	EndGlobalSection
	GlobalSection(ProjectConfigurationPlatforms) = postSolution
		{B2E74BF8-E220-40DD-87BB-F6F57C930370}.Debug|Any CPU.ActiveCfg = Debug|Any CPU
		{B2E74BF8-E220-40DD-87BB-F6F57C930370}.Debug|Any CPU.Build.0 = Debug|Any CPU
		{B2E74BF8-E220-40DD-87BB-F6F57C930370}.Release|Any CPU.ActiveCfg = Release|Any CPU
		{B2E74BF8-E220-40DD-87BB-F6F57C930370}.Release|Any CPU.Build.0 = Release|Any CPU
	EndGlobalSection
	GlobalSection(SolutionProperties) = preSolution
		HideSolutionNode = FALSE
	EndGlobalSection
	GlobalSection(ExtensibilityGlobals) = postSolution
		SolutionGuid = {C4F50549-8E73-4335-A435-D2A6AFD48F58}
	EndGlobalSection
EndGlobal
